
Microsoft Visual Studio Solution File, Format Version 12.00
# Visual Studio Version 16
VisualStudioVersion = 16.0.30804.86
MinimumVisualStudioVersion = 10.0.40219.1
Project("{FAE04EC0-301F-11D3-BF4B-00C04F79EFBC}") = "HeaderVerifier", "HeaderVerifier.csproj", "{BA39F4CD-645A-4480-8A2F-455A62317EBC}"
EndProject
Global
	GlobalSection(SolutionConfigurationPlatforms) = preSolution
		Debug|Any CPU = Debug|Any CPU
		Release|Any CPU = Release|Any CPU
	EndGlobalSection
	GlobalSection(ProjectConfigurationPlatforms) = postSolution
		{BA39F4CD-645A-4480-8A2F-455A62317EBC}.Debug|Any CPU.ActiveCfg = Debug|Any CPU
		{BA39F4CD-645A-4480-8A2F-455A62317EBC}.Debug|Any CPU.Build.0 = Debug|Any CPU
		{BA39F4CD-645A-4480-8A2F-455A62317EBC}.Release|Any CPU.ActiveCfg = Release|Any CPU
		{BA39F4CD-645A-4480-8A2F-455A62317EBC}.Release|Any CPU.Build.0 = Release|Any CPU
	EndGlobalSection
	GlobalSection(SolutionProperties) = preSolution
		HideSolutionNode = FALSE
	EndGlobalSection
	GlobalSection(ExtensibilityGlobals) = postSolution
		SolutionGuid = {12439D11-2AEC-4AD5-BC63-A10C25C6479F}
	EndGlobalSection
EndGlobal
